{
  "name": "Portfolio",
  "lockfileVersion": 3,
  "requires": true,
  "packages": {
    "": {
      "dependencies": {
        "prop": "^0.1.1",
        "types": "^0.1.1"
      }
    },
    "node_modules/dotty": {
      "version": "0.0.1",
      "resolved": "https://registry.npmjs.org/dotty/-/dotty-0.0.1.tgz",
      "integrity": "sha512-eDT0hfJEnQbGaZcTuCfj2igPkQ7qa/n9K2pGGDxhEqKhARLq+xE1TonvpOPHq+7KeG+D6A/V8BwCcsdPom2TQg==",
      "license": "BSD"
    },
    "node_modules/prop": {
      "version": "0.1.1",
      "resolved": "https://registry.npmjs.org/prop/-/prop-0.1.1.tgz",
      "integrity": "sha512-hf5DdgiPkcoVxBfuSknP918U0lDC+7lArIjIB2U4Gh79p1Xtc0JP6W5DW3c0wC0x9/A6CsAISh3202I1GlMgkw==",
      "dependencies": {
        "dotty": "0.0.1"
      },
      "engines": {
        "node": "*"
      }
    },
    "node_modules/types": {
      "version": "0.1.1",
      "resolved": "https://registry.npmjs.org/types/-/types-0.1.1.tgz",
      "integrity": "sha512-JuntZtJj4MKLE9x/XBs7IjsznYhzETwr34pw3XJTKvgYtAMdeMG+o8x8U85E5Lm6eCPa1DdOdGVsHMwq4ZnZAg==",
      "license": "MIT",
      "engines": {
        "node": ">= 0.6.0"
      }
    }
  }
}
